
Microsoft Visual Studio Solution File, Format Version 10.00
# Visual Studio 2008
Project("{8BC9CEB8-8B4A-11D0-8D11-00A0C91BC942}") = "Preprocessor", "..\Preprocessor\Preprocessor.vcproj", "{5FA7AA79-E4BA-4D1D-94BD-4A0C9B360704}"
EndProject
Project("{8BC9CEB8-8B4A-11D0-8D11-00A0C91BC942}") = "MODELBUILDER", "..\ModelBuilder\MODELBUILDER.vcproj", "{464D3D2E-DE1A-48E5-BB04-819F939EF9EF}"
EndProject
Project("{8BC9CEB8-8B4A-11D0-8D11-00A0C91BC942}") = "ObjGen", "..\ObjGen\ObjGen.vcproj", "{45D4504A-D4EF-479A-B91A-3E2020D29165}"
	ProjectSection(ProjectDependencies) = postProject
		{464D3D2E-DE1A-48E5-BB04-819F939EF9EF} = {464D3D2E-DE1A-48E5-BB04-819F939EF9EF}
	EndProjectSection
EndProject
Global
	GlobalSection(SolutionConfigurationPlatforms) = preSolution
		Debug|Win32 = Debug|Win32
		Release|Win32 = Release|Win32
	EndGlobalSection
	GlobalSection(ProjectConfigurationPlatforms) = postSolution
		{5FA7AA79-E4BA-4D1D-94BD-4A0C9B360704}.Debug|Win32.ActiveCfg = Debug|Win32
		{5FA7AA79-E4BA-4D1D-94BD-4A0C9B360704}.Debug|Win32.Build.0 = Debug|Win32
		{5FA7AA79-E4BA-4D1D-94BD-4A0C9B360704}.Release|Win32.ActiveCfg = Release|Win32
		{5FA7AA79-E4BA-4D1D-94BD-4A0C9B360704}.Release|Win32.Build.0 = Release|Win32
		{464D3D2E-DE1A-48E5-BB04-819F939EF9EF}.Debug|Win32.ActiveCfg = Debug|Win32
		{464D3D2E-DE1A-48E5-BB04-819F939EF9EF}.Debug|Win32.Build.0 = Debug|Win32
		{464D3D2E-DE1A-48E5-BB04-819F939EF9EF}.Release|Win32.ActiveCfg = Release|Win32
		{464D3D2E-DE1A-48E5-BB04-819F939EF9EF}.Release|Win32.Build.0 = Release|Win32
		{45D4504A-D4EF-479A-B91A-3E2020D29165}.Debug|Win32.ActiveCfg = Debug|Win32
		{45D4504A-D4EF-479A-B91A-3E2020D29165}.Debug|Win32.Build.0 = Debug|Win32
		{45D4504A-D4EF-479A-B91A-3E2020D29165}.Release|Win32.ActiveCfg = Release|Win32
		{45D4504A-D4EF-479A-B91A-3E2020D29165}.Release|Win32.Build.0 = Release|Win32
	EndGlobalSection
	GlobalSection(SolutionProperties) = preSolution
		HideSolutionNode = FALSE
	EndGlobalSection
EndGlobal
