<?xml version="1.0" encoding="utf-8"?>
<Project ToolsVersion="4.0" xmlns="http://schemas.microsoft.com/developer/msbuild/2003">
  <ItemGroup>
    <Filter Include="Source Files">
      <UniqueIdentifier>{3de2e5fa-692d-471e-8577-b43dc9c47aef}</UniqueIdentifier>
      <Extensions>cpp;c;cxx;rc;def;r;odl;idl;hpj;bat</Extensions>
    </Filter>
    <Filter Include="Header Files">
      <UniqueIdentifier>{2bb85683-be6b-4fa6-885b-a8fd28d5f006}</UniqueIdentifier>
      <Extensions>h;hpp;hxx;hm;inl</Extensions>
    </Filter>
  </ItemGroup>
  <ItemGroup>
    <ClCompile Include="b_json.cpp">
      <Filter>Source Files</Filter>
    </ClCompile>
    <ClCompile Include="ClientClassWrapper.cpp">
      <Filter>Source Files</Filter>
    </ClCompile>
    <ClCompile Include="commonfuncs.cpp">
      <Filter>Source Files</Filter>
    </ClCompile>
    <ClCompile Include="ComObjectGen.cpp">
      <Filter>Source Files</Filter>
    </ClCompile>
    <ClCompile Include="coreclasses.cpp">
      <Filter>Source Files</Filter>
    </ClCompile>
    <ClCompile Include="CPPParser.cpp">
      <Filter>Source Files</Filter>
    </ClCompile>
    <ClCompile Include="DumpFunction.cpp">
      <Filter>Source Files</Filter>
    </ClCompile>
    <ClCompile Include="function_timer.cpp">
      <Filter>Source Files</Filter>
    </ClCompile>
    <ClCompile Include="javascript_json.cpp">
      <Filter>Source Files</Filter>
    </ClCompile>
    <ClCompile Include="libraryLoader.cpp">
      <Filter>Source Files</Filter>
    </ClCompile>
    <ClCompile Include="macrohandler.cpp">
      <Filter>Source Files</Filter>
    </ClCompile>
    <ClCompile Include="nb_json.cpp">
      <Filter>Source Files</Filter>
    </ClCompile>
    <ClCompile Include="StdAfx.cpp">
      <Filter>Source Files</Filter>
    </ClCompile>
  </ItemGroup>
  <ItemGroup>
    <ClInclude Include="b_json.h">
      <Filter>Header Files</Filter>
    </ClInclude>
    <ClInclude Include="ClientClassWrapper.h">
      <Filter>Header Files</Filter>
    </ClInclude>
    <ClInclude Include="commonfuncs.h">
      <Filter>Header Files</Filter>
    </ClInclude>
    <ClInclude Include="ComObjectGen.h">
      <Filter>Header Files</Filter>
    </ClInclude>
    <ClInclude Include="coreclasses.h">
      <Filter>Header Files</Filter>
    </ClInclude>
    <ClInclude Include="CPPParser.h">
      <Filter>Header Files</Filter>
    </ClInclude>
    <ClInclude Include="DumpFunction.h">
      <Filter>Header Files</Filter>
    </ClInclude>
    <ClInclude Include="function_timer.h">
      <Filter>Header Files</Filter>
    </ClInclude>
    <ClInclude Include="InterpretObject.h">
      <Filter>Header Files</Filter>
    </ClInclude>
    <ClInclude Include="javascript_json.h">
      <Filter>Header Files</Filter>
    </ClInclude>
    <ClInclude Include="macrohandler.h">
      <Filter>Header Files</Filter>
    </ClInclude>
    <ClInclude Include="nb_json.h">
      <Filter>Header Files</Filter>
    </ClInclude>
    <ClInclude Include="StdAfx.h">
      <Filter>Header Files</Filter>
    </ClInclude>
  </ItemGroup>
</Project>